
Microsoft Visual Studio Solution File, Format Version 12.00
# Visual Studio Version 16
VisualStudioVersion = 16.0.30011.22
MinimumVisualStudioVersion = 10.0.40219.1
Project("{9A19103F-16F7-4668-BE54-9A1E7A4F7556}") = "ProductMicroservice", "ProductMicroservice\ProductMicroservice.csproj", "{7AD5EF42-24F9-493C-8FD1-DB284F978EF3}"
EndProject
Project("{9A19103F-16F7-4668-BE54-9A1E7A4F7556}") = "UserService", "UserService\UserService.csproj", "{6BE01EA6-779D-45CF-8464-4F7DC1863268}"
EndProject
Project("{9A19103F-16F7-4668-BE54-9A1E7A4F7556}") = "ApiGateWay", "ApiGateWay\ApiGateWay.csproj", "{F24AFFC5-82A5-4DA3-ADB8-3FFE1F9B16FF}"
EndProject
Global
	GlobalSection(SolutionConfigurationPlatforms) = preSolution
		Debug|Any CPU = Debug|Any CPU
		Release|Any CPU = Release|Any CPU
	EndGlobalSection
	GlobalSection(ProjectConfigurationPlatforms) = postSolution
		{7AD5EF42-24F9-493C-8FD1-DB284F978EF3}.Debug|Any CPU.ActiveCfg = Debug|Any CPU
		{7AD5EF42-24F9-493C-8FD1-DB284F978EF3}.Debug|Any CPU.Build.0 = Debug|Any CPU
		{7AD5EF42-24F9-493C-8FD1-DB284F978EF3}.Release|Any CPU.ActiveCfg = Release|Any CPU
		{7AD5EF42-24F9-493C-8FD1-DB284F978EF3}.Release|Any CPU.Build.0 = Release|Any CPU
		{6BE01EA6-779D-45CF-8464-4F7DC1863268}.Debug|Any CPU.ActiveCfg = Debug|Any CPU
		{6BE01EA6-779D-45CF-8464-4F7DC1863268}.Debug|Any CPU.Build.0 = Debug|Any CPU
		{6BE01EA6-779D-45CF-8464-4F7DC1863268}.Release|Any CPU.ActiveCfg = Release|Any CPU
		{6BE01EA6-779D-45CF-8464-4F7DC1863268}.Release|Any CPU.Build.0 = Release|Any CPU
		{F24AFFC5-82A5-4DA3-ADB8-3FFE1F9B16FF}.Debug|Any CPU.ActiveCfg = Debug|Any CPU
		{F24AFFC5-82A5-4DA3-ADB8-3FFE1F9B16FF}.Debug|Any CPU.Build.0 = Debug|Any CPU
		{F24AFFC5-82A5-4DA3-ADB8-3FFE1F9B16FF}.Release|Any CPU.ActiveCfg = Release|Any CPU
		{F24AFFC5-82A5-4DA3-ADB8-3FFE1F9B16FF}.Release|Any CPU.Build.0 = Release|Any CPU
	EndGlobalSection
	GlobalSection(SolutionProperties) = preSolution
		HideSolutionNode = FALSE
	EndGlobalSection
	GlobalSection(ExtensibilityGlobals) = postSolution
		SolutionGuid = {FD006770-E9FD-48C2-8078-BCBC4CAD3114}
	EndGlobalSection
EndGlobal
